
Microsoft Visual Studio Solution File, Format Version 12.00
# Visual Studio Version 16
VisualStudioVersion = 25.0.1706.3
MinimumVisualStudioVersion = 10.0.40219.1
Project("{FAE04EC0-301F-11D3-BF4B-00C04F79EFBC}") = "Baithithuchanh", "Baithithuchanh\Baithithuchanh.csproj", "{7FAEBC9F-DB30-45C8-A5AC-3B8F15E40E5E}"
EndProject
Global
	GlobalSection(SolutionConfigurationPlatforms) = preSolution
		Debug|Any CPU = Debug|Any CPU
		Release|Any CPU = Release|Any CPU
	EndGlobalSection
	GlobalSection(ProjectConfigurationPlatforms) = postSolution
		{7FAEBC9F-DB30-45C8-A5AC-3B8F15E40E5E}.Debug|Any CPU.ActiveCfg = Debug|Any CPU
		{7FAEBC9F-DB30-45C8-A5AC-3B8F15E40E5E}.Debug|Any CPU.Build.0 = Debug|Any CPU
		{7FAEBC9F-DB30-45C8-A5AC-3B8F15E40E5E}.Release|Any CPU.ActiveCfg = Release|Any CPU
		{7FAEBC9F-DB30-45C8-A5AC-3B8F15E40E5E}.Release|Any CPU.Build.0 = Release|Any CPU
	EndGlobalSection
	GlobalSection(SolutionProperties) = preSolution
		HideSolutionNode = FALSE
	EndGlobalSection
	GlobalSection(ExtensibilityGlobals) = postSolution
		SolutionGuid = {68716F4B-A9FA-4ADC-881C-B69D8B2FF0FA}
	EndGlobalSection
EndGlobal
